<?xml version="1.0" encoding="utf-8"?>
<Project ToolsVersion="4.0" xmlns="http://schemas.microsoft.com/developer/msbuild/2003">
  <ItemGroup>
    <Filter Include="src">
      <UniqueIdentifier>{4FC737F1-C7A5-4376-A066-2A32D752A2FF}</UniqueIdentifier>
      <Extensions>cpp;c;cc;cxx;c++;cppm;ixx;def;odl;idl;hpj;bat;asm;asmx</Extensions>
    </Filter>
    <Filter Include="shaders">
      <UniqueIdentifier>{4120993d-3f35-4d57-b5e4-881ac15735bb}</UniqueIdentifier>
    </Filter>
    <Filter Include="libs">
      <UniqueIdentifier>{b557cad1-1717-4f74-9244-bd32811e891a}</UniqueIdentifier>
    </Filter>
  </ItemGroup>
  <ItemGroup>
    <ClCompile Include="src\main.cpp">
      <Filter>src</Filter>
    </ClCompile>
    <ClCompile Include="src\shader.cpp">
      <Filter>src</Filter>
    </ClCompile>
    <ClCompile Include="src\simulation_state.cpp">
      <Filter>src</Filter>
    </ClCompile>
  </ItemGroup>
  <ItemGroup>
    <ClInclude Include="src\shader.h">
      <Filter>src</Filter>
    </ClInclude>
    <ClInclude Include="src\simulation_state.h">
      <Filter>src</Filter>
    </ClInclude>
    <ClInclude Include="libs\stb_image.h">
      <Filter>libs</Filter>
    </ClInclude>
  </ItemGroup>
  <ItemGroup>
    <None Include="shaders\grid_f.glsl">
      <Filter>shaders</Filter>
    </None>
    <None Include="shaders\bird_f.glsl">
      <Filter>shaders</Filter>
    </None>
    <None Include="shaders\bird_v.glsl">
      <Filter>shaders</Filter>
    </None>
    <None Include="shaders\grid_v.glsl">
      <Filter>shaders</Filter>
    </None>
  </ItemGroup>
</Project>